// !$*UTF8*$!
{
	archiveVersion = 1;
	classes = {
	};
	objectVersion = 46;
	objects = {

/* Begin PBXBuildFile section */
		B876B4D61BB42EBA000B09C2 /* JWBlurView.m in Sources */ = {isa = PBXBuildFile; fileRef = B876B4D31BB42EBA000B09C2 /* JWBlurView.m */; settings = {ASSET_TAGS = (); }; };
		B876B4D71BB42EBA000B09C2 /* UIViewController+ENPopUp.m in Sources */ = {isa = PBXBuildFile; fileRef = B876B4D51BB42EBA000B09C2 /* UIViewController+ENPopUp.m */; settings = {ASSET_TAGS = (); }; };
		B87E23791BB2B4BB00A8F162 /* QuartzCore.framework in Frameworks */ = {isa = PBXBuildFile; fileRef = B87E23781BB2B4BB00A8F162 /* QuartzCore.framework */; };
		B8EEBB6C1BA4591E00EC340A /* main.m in Sources */ = {isa = PBXBuildFile; fileRef = B8EEBB6B1BA4591E00EC340A /* main.m */; };
		B8EEBB6F1BA4591E00EC340A /* AppDelegate.m in Sources */ = {isa = PBXBuildFile; fileRef = B8EEBB6E1BA4591E00EC340A /* AppDelegate.m */; };
		B8EEBB721BA4591E00EC340A /* ViewController.m in Sources */ = {isa = PBXBuildFile; fileRef = B8EEBB711BA4591E00EC340A /* ViewController.m */; };
		B8EEBB751BA4591E00EC340A /* Main.storyboard in Resources */ = {isa = PBXBuildFile; fileRef = B8EEBB731BA4591E00EC340A /* Main.storyboard */; };
		B8EEBB771BA4591E00EC340A /* Images.xcassets in Resources */ = {isa = PBXBuildFile; fileRef = B8EEBB761BA4591E00EC340A /* Images.xcassets */; };
		B8EEBB7A1BA4591E00EC340A /* LaunchScreen.xib in Resources */ = {isa = PBXBuildFile; fileRef = B8EEBB781BA4591E00EC340A /* LaunchScreen.xib */; };
		B8EEBB861BA4591E00EC340A /* Cut_Off_MarkTests.m in Sources */ = {isa = PBXBuildFile; fileRef = B8EEBB851BA4591E00EC340A /* Cut_Off_MarkTests.m */; };
		B8EEBB901BA4599000EC340A /* Main 1.png in Resources */ = {isa = PBXBuildFile; fileRef = B8EEBB8F1BA4599000EC340A /* Main 1.png */; };
		B8EEBB931BA45BC900EC340A /* popViewController.m in Sources */ = {isa = PBXBuildFile; fileRef = B8EEBB921BA45BC900EC340A /* popViewController.m */; };
		B8FC4E801BA4B6D100CBC422 /* engneeringViewController.m in Sources */ = {isa = PBXBuildFile; fileRef = B8FC4E7F1BA4B6D100CBC422 /* engneeringViewController.m */; };
		B8FC4E831BA4B6E300CBC422 /* medicalViewController.m in Sources */ = {isa = PBXBuildFile; fileRef = B8FC4E821BA4B6E300CBC422 /* medicalViewController.m */; };
/* End PBXBuildFile section */

/* Begin PBXContainerItemProxy section */
		B8EEBB801BA4591E00EC340A /* PBXContainerItemProxy */ = {
			isa = PBXContainerItemProxy;
			containerPortal = B8EEBB5E1BA4591E00EC340A /* Project object */;
			proxyType = 1;
			remoteGlobalIDString = B8EEBB651BA4591E00EC340A;
			remoteInfo = "Cut Off Mark";
		};
/* End PBXContainerItemProxy section */

/* Begin PBXFileReference section */
		B876B4D21BB42EBA000B09C2 /* JWBlurView.h */ = {isa = PBXFileReference; fileEncoding = 4; lastKnownFileType = sourcecode.c.h; path = JWBlurView.h; sourceTree = "<group>"; };
		B876B4D31BB42EBA000B09C2 /* JWBlurView.m */ = {isa = PBXFileReference; fileEncoding = 4; lastKnownFileType = sourcecode.c.objc; path = JWBlurView.m; sourceTree = "<group>"; };
		B876B4D41BB42EBA000B09C2 /* UIViewController+ENPopUp.h */ = {isa = PBXFileReference; fileEncoding = 4; lastKnownFileType = sourcecode.c.h; path = "UIViewController+ENPopUp.h"; sourceTree = "<group>"; };
		B876B4D51BB42EBA000B09C2 /* UIViewController+ENPopUp.m */ = {isa = PBXFileReference; fileEncoding = 4; lastKnownFileType = sourcecode.c.objc; path = "UIViewController+ENPopUp.m"; sourceTree = "<group>"; };
		B87E23781BB2B4BB00A8F162 /* QuartzCore.framework */ = {isa = PBXFileReference; lastKnownFileType = wrapper.framework; name = QuartzCore.framework; path = System/Library/Frameworks/QuartzCore.framework; sourceTree = SDKROOT; };
		B8EEBB661BA4591E00EC340A /* Cut Off Mark.app */ = {isa = PBXFileReference; explicitFileType = wrapper.application; includeInIndex = 0; path = "Cut Off Mark.app"; sourceTree = BUILT_PRODUCTS_DIR; };
		B8EEBB6A1BA4591E00EC340A /* Info.plist */ = {isa = PBXFileReference; lastKnownFileType = text.plist.xml; path = Info.plist; sourceTree = "<group>"; };
		B8EEBB6B1BA4591E00EC340A /* main.m */ = {isa = PBXFileReference; lastKnownFileType = sourcecode.c.objc; path = main.m; sourceTree = "<group>"; };
		B8EEBB6D1BA4591E00EC340A /* AppDelegate.h */ = {isa = PBXFileReference; lastKnownFileType = sourcecode.c.h; path = AppDelegate.h; sourceTree = "<group>"; };
		B8EEBB6E1BA4591E00EC340A /* AppDelegate.m */ = {isa = PBXFileReference; lastKnownFileType = sourcecode.c.objc; path = AppDelegate.m; sourceTree = "<group>"; };
		B8EEBB701BA4591E00EC340A /* ViewController.h */ = {isa = PBXFileReference; lastKnownFileType = sourcecode.c.h; path = ViewController.h; sourceTree = "<group>"; };
		B8EEBB711BA4591E00EC340A /* ViewController.m */ = {isa = PBXFileReference; lastKnownFileType = sourcecode.c.objc; path = ViewController.m; sourceTree = "<group>"; };
		B8EEBB741BA4591E00EC340A /* Base */ = {isa = PBXFileReference; lastKnownFileType = file.storyboard; name = Base; path = Base.lproj/Main.storyboard; sourceTree = "<group>"; };
		B8EEBB761BA4591E00EC340A /* Images.xcassets */ = {isa = PBXFileReference; lastKnownFileType = folder.assetcatalog; path = Images.xcassets; sourceTree = "<group>"; };
		B8EEBB791BA4591E00EC340A /* Base */ = {isa = PBXFileReference; lastKnownFileType = file.xib; name = Base; path = Base.lproj/LaunchScreen.xib; sourceTree = "<group>"; };
		B8EEBB7F1BA4591E00EC340A /* Cut Off MarkTests.xctest */ = {isa = PBXFileReference; explicitFileType = wrapper.cfbundle; includeInIndex = 0; path = "Cut Off MarkTests.xctest"; sourceTree = BUILT_PRODUCTS_DIR; };
		B8EEBB841BA4591E00EC340A /* Info.plist */ = {isa = PBXFileReference; lastKnownFileType = text.plist.xml; path = Info.plist; sourceTree = "<group>"; };
		B8EEBB851BA4591E00EC340A /* Cut_Off_MarkTests.m */ = {isa = PBXFileReference; lastKnownFileType = sourcecode.c.objc; path = Cut_Off_MarkTests.m; sourceTree = "<group>"; };
		B8EEBB8F1BA4599000EC340A /* Main 1.png */ = {isa = PBXFileReference; lastKnownFileType = image.png; path = "Main 1.png"; sourceTree = "<group>"; };
		B8EEBB911BA45BC900EC340A /* popViewController.h */ = {isa = PBXFileReference; fileEncoding = 4; lastKnownFileType = sourcecode.c.h; path = popViewController.h; sourceTree = "<group>"; };
		B8EEBB921BA45BC900EC340A /* popViewController.m */ = {isa = PBXFileReference; fileEncoding = 4; lastKnownFileType = sourcecode.c.objc; path = popViewController.m; sourceTree = "<group>"; };
		B8FC4E7E1BA4B6D100CBC422 /* engneeringViewController.h */ = {isa = PBXFileReference; fileEncoding = 4; lastKnownFileType = sourcecode.c.h; path = engneeringViewController.h; sourceTree = "<group>"; };
		B8FC4E7F1BA4B6D100CBC422 /* engneeringViewController.m */ = {isa = PBXFileReference; fileEncoding = 4; lastKnownFileType = sourcecode.c.objc; path = engneeringViewController.m; sourceTree = "<group>"; };
		B8FC4E811BA4B6E300CBC422 /* medicalViewController.h */ = {isa = PBXFileReference; fileEncoding = 4; lastKnownFileType = sourcecode.c.h; path = medicalViewController.h; sourceTree = "<group>"; };
		B8FC4E821BA4B6E300CBC422 /* medicalViewController.m */ = {isa = PBXFileReference; fileEncoding = 4; lastKnownFileType = sourcecode.c.objc; path = medicalViewController.m; sourceTree = "<group>"; };
/* End PBXFileReference section */

/* Begin PBXFrameworksBuildPhase section */
		B8EEBB631BA4591E00EC340A /* Frameworks */ = {
			isa = PBXFrameworksBuildPhase;
			buildActionMask = 2147483647;
			files = (
				B87E23791BB2B4BB00A8F162 /* QuartzCore.framework in Frameworks */,
			);
			runOnlyForDeploymentPostprocessing = 0;
		};
		B8EEBB7C1BA4591E00EC340A /* Frameworks */ = {
			isa = PBXFrameworksBuildPhase;
			buildActionMask = 2147483647;
			files = (
			);
			runOnlyForDeploymentPostprocessing = 0;
		};
/* End PBXFrameworksBuildPhase section */

/* Begin PBXGroup section */
		B8EEBB5D1BA4591E00EC340A = {
			isa = PBXGroup;
			children = (
				B87E23781BB2B4BB00A8F162 /* QuartzCore.framework */,
				B8EEBB681BA4591E00EC340A /* Cut Off Mark */,
				B8EEBB821BA4591E00EC340A /* Cut Off MarkTests */,
				B8EEBB671BA4591E00EC340A /* Products */,
			);
			sourceTree = "<group>";
		};
		B8EEBB671BA4591E00EC340A /* Products */ = {
			isa = PBXGroup;
			children = (
				B8EEBB661BA4591E00EC340A /* Cut Off Mark.app */,
				B8EEBB7F1BA4591E00EC340A /* Cut Off MarkTests.xctest */,
			);
			name = Products;
			sourceTree = "<group>";
		};
		B8EEBB681BA4591E00EC340A /* Cut Off Mark */ = {
			isa = PBXGroup;
			children = (
				B8EEBB6D1BA4591E00EC340A /* AppDelegate.h */,
				B8EEBB6E1BA4591E00EC340A /* AppDelegate.m */,
				B8EEBB701BA4591E00EC340A /* ViewController.h */,
				B8EEBB711BA4591E00EC340A /* ViewController.m */,
				B8EEBB8F1BA4599000EC340A /* Main 1.png */,
				B8EEBB731BA4591E00EC340A /* Main.storyboard */,
				B8FC4E7E1BA4B6D100CBC422 /* engneeringViewController.h */,
				B8FC4E7F1BA4B6D100CBC422 /* engneeringViewController.m */,
				B8FC4E811BA4B6E300CBC422 /* medicalViewController.h */,
				B8FC4E821BA4B6E300CBC422 /* medicalViewController.m */,
				B8EEBB911BA45BC900EC340A /* popViewController.h */,
				B8EEBB921BA45BC900EC340A /* popViewController.m */,
				B876B4D21BB42EBA000B09C2 /* JWBlurView.h */,
				B876B4D31BB42EBA000B09C2 /* JWBlurView.m */,
				B876B4D41BB42EBA000B09C2 /* UIViewController+ENPopUp.h */,
				B876B4D51BB42EBA000B09C2 /* UIViewController+ENPopUp.m */,
				B8EEBB761BA4591E00EC340A /* Images.xcassets */,
				B8EEBB781BA4591E00EC340A /* LaunchScreen.xib */,
				B8EEBB691BA4591E00EC340A /* Supporting Files */,
			);
			path = "Cut Off Mark";
			sourceTree = "<group>";
		};
		B8EEBB691BA4591E00EC340A /* Supporting Files */ = {
			isa = PBXGroup;
			children = (
				B8EEBB6A1BA4591E00EC340A /* Info.plist */,
				B8EEBB6B1BA4591E00EC340A /* main.m */,
			);
			name = "Supporting Files";
			sourceTree = "<group>";
		};
		B8EEBB821BA4591E00EC340A /* Cut Off MarkTests */ = {
			isa = PBXGroup;
			children = (
				B8EEBB851BA4591E00EC340A /* Cut_Off_MarkTests.m */,
				B8EEBB831BA4591E00EC340A /* Supporting Files */,
			);
			path = "Cut Off MarkTests";
			sourceTree = "<group>";
		};
		B8EEBB831BA4591E00EC340A /* Supporting Files */ = {
			isa = PBXGroup;
			children = (
				B8EEBB841BA4591E00EC340A /* Info.plist */,
			);
			name = "Supporting Files";
			sourceTree = "<group>";
		};
/* End PBXGroup section */

/* Begin PBXNativeTarget section */
		B8EEBB651BA4591E00EC340A /* Cut Off Mark */ = {
			isa = PBXNativeTarget;
			buildConfigurationList = B8EEBB891BA4591E00EC340A /* Build configuration list for PBXNativeTarget "Cut Off Mark" */;
			buildPhases = (
				B8EEBB621BA4591E00EC340A /* Sources */,
				B8EEBB631BA4591E00EC340A /* Frameworks */,
				B8EEBB641BA4591E00EC340A /* Resources */,
			);
			buildRules = (
			);
			dependencies = (
			);
			name = "Cut Off Mark";
			productName = "Cut Off Mark";
			productReference = B8EEBB661BA4591E00EC340A /* Cut Off Mark.app */;
			productType = "com.apple.product-type.application";
		};
		B8EEBB7E1BA4591E00EC340A /* Cut Off MarkTests */ = {
			isa = PBXNativeTarget;
			buildConfigurationList = B8EEBB8C1BA4591E00EC340A /* Build configuration list for PBXNativeTarget "Cut Off MarkTests" */;
			buildPhases = (
				B8EEBB7B1BA4591E00EC340A /* Sources */,
				B8EEBB7C1BA4591E00EC340A /* Frameworks */,
				B8EEBB7D1BA4591E00EC340A /* Resources */,
			);
			buildRules = (
			);
			dependencies = (
				B8EEBB811BA4591E00EC340A /* PBXTargetDependency */,
			);
			name = "Cut Off MarkTests";
			productName = "Cut Off MarkTests";
			productReference = B8EEBB7F1BA4591E00EC340A /* Cut Off MarkTests.xctest */;
			productType = "com.apple.product-type.bundle.unit-test";
		};
/* End PBXNativeTarget section */

/* Begin PBXProject section */
		B8EEBB5E1BA4591E00EC340A /* Project object */ = {
			isa = PBXProject;
			attributes = {
				LastUpgradeCheck = 0700;
				ORGANIZATIONNAME = "Sathish Chinniah";
				TargetAttributes = {
					B8EEBB651BA4591E00EC340A = {
						CreatedOnToolsVersion = 6.4;
						DevelopmentTeam = ZG3LE5QD73;
					};
					B8EEBB7E1BA4591E00EC340A = {
						CreatedOnToolsVersion = 6.4;
						TestTargetID = B8EEBB651BA4591E00EC340A;
					};
				};
			};
			buildConfigurationList = B8EEBB611BA4591E00EC340A /* Build configuration list for PBXProject "Cut Off Mark" */;
			compatibilityVersion = "Xcode 3.2";
			developmentRegion = English;
			hasScannedForEncodings = 0;
			knownRegions = (
				en,
				Base,
			);
			mainGroup = B8EEBB5D1BA4591E00EC340A;
			productRefGroup = B8EEBB671BA4591E00EC340A /* Products */;
			projectDirPath = "";
			projectRoot = "";
			targets = (
				B8EEBB651BA4591E00EC340A /* Cut Off Mark */,
				B8EEBB7E1BA4591E00EC340A /* Cut Off MarkTests */,
			);
		};
/* End PBXProject section */

/* Begin PBXResourcesBuildPhase section */
		B8EEBB641BA4591E00EC340A /* Resources */ = {
			isa = PBXResourcesBuildPhase;
			buildActionMask = 2147483647;
			files = (
				B8EEBB751BA4591E00EC340A /* Main.storyboard in Resources */,
				B8EEBB7A1BA4591E00EC340A /* LaunchScreen.xib in Resources */,
				B8EEBB771BA4591E00EC340A /* Images.xcassets in Resources */,
				B8EEBB901BA4599000EC340A /* Main 1.png in Resources */,
			);
			runOnlyForDeploymentPostprocessing = 0;
		};
		B8EEBB7D1BA4591E00EC340A /* Resources */ = {
			isa = PBXResourcesBuildPhase;
			buildActionMask = 2147483647;
			files = (
			);
			runOnlyForDeploymentPostprocessing = 0;
		};
/* End PBXResourcesBuildPhase section */

/* Begin PBXSourcesBuildPhase section */
		B8EEBB621BA4591E00EC340A /* Sources */ = {
			isa = PBXSourcesBuildPhase;
			buildActionMask = 2147483647;
			files = (
				B876B4D61BB42EBA000B09C2 /* JWBlurView.m in Sources */,
				B8FC4E831BA4B6E300CBC422 /* medicalViewController.m in Sources */,
				B8EEBB931BA45BC900EC340A /* popViewController.m in Sources */,
				B8FC4E801BA4B6D100CBC422 /* engneeringViewController.m in Sources */,
				B876B4D71BB42EBA000B09C2 /* UIViewController+ENPopUp.m in Sources */,
				B8EEBB721BA4591E00EC340A /* ViewController.m in Sources */,
				B8EEBB6F1BA4591E00EC340A /* AppDelegate.m in Sources */,
				B8EEBB6C1BA4591E00EC340A /* main.m in Sources */,
			);
			runOnlyForDeploymentPostprocessing = 0;
		};
		B8EEBB7B1BA4591E00EC340A /* Sources */ = {
			isa = PBXSourcesBuildPhase;
			buildActionMask = 2147483647;
			files = (
				B8EEBB861BA4591E00EC340A /* Cut_Off_MarkTests.m in Sources */,
			);
			runOnlyForDeploymentPostprocessing = 0;
		};
/* End PBXSourcesBuildPhase section */

/* Begin PBXTargetDependency section */
		B8EEBB811BA4591E00EC340A /* PBXTargetDependency */ = {
			isa = PBXTargetDependency;
			target = B8EEBB651BA4591E00EC340A /* Cut Off Mark */;
			targetProxy = B8EEBB801BA4591E00EC340A /* PBXContainerItemProxy */;
		};
/* End PBXTargetDependency section */

/* Begin PBXVariantGroup section */
		B8EEBB731BA4591E00EC340A /* Main.storyboard */ = {
			isa = PBXVariantGroup;
			children = (
				B8EEBB741BA4591E00EC340A /* Base */,
			);
			name = Main.storyboard;
			sourceTree = "<group>";
		};
		B8EEBB781BA4591E00EC340A /* LaunchScreen.xib */ = {
			isa = PBXVariantGroup;
			children = (
				B8EEBB791BA4591E00EC340A /* Base */,
			);
			name = LaunchScreen.xib;
			sourceTree = "<group>";
		};
/* End PBXVariantGroup section */

/* Begin XCBuildConfiguration section */
		B8EEBB871BA4591E00EC340A /* Debug */ = {
			isa = XCBuildConfiguration;
			buildSettings = {
				ALWAYS_SEARCH_USER_PATHS = NO;
				CLANG_CXX_LANGUAGE_STANDARD = "gnu++0x";
				CLANG_CXX_LIBRARY = "libc++";
				CLANG_ENABLE_MODULES = YES;
				CLANG_ENABLE_OBJC_ARC = YES;
				CLANG_WARN_BOOL_CONVERSION = YES;
				CLANG_WARN_CONSTANT_CONVERSION = YES;
				CLANG_WARN_DIRECT_OBJC_ISA_USAGE = YES_ERROR;
				CLANG_WARN_EMPTY_BODY = YES;
				CLANG_WARN_ENUM_CONVERSION = YES;
				CLANG_WARN_INT_CONVERSION = YES;
				CLANG_WARN_OBJC_ROOT_CLASS = YES_ERROR;
				CLANG_WARN_UNREACHABLE_CODE = YES;
				CLANG_WARN__DUPLICATE_METHOD_MATCH = YES;
				"CODE_SIGN_IDENTITY[sdk=iphoneos*]" = "iPhone Developer";
				COPY_PHASE_STRIP = NO;
				DEBUG_INFORMATION_FORMAT = "dwarf-with-dsym";
				ENABLE_STRICT_OBJC_MSGSEND = YES;
				ENABLE_TESTABILITY = YES;
				GCC_C_LANGUAGE_STANDARD = gnu99;
				GCC_DYNAMIC_NO_PIC = NO;
				GCC_NO_COMMON_BLOCKS = YES;
				GCC_OPTIMIZATION_LEVEL = 0;
				GCC_PREPROCESSOR_DEFINITIONS = (
					"DEBUG=1",
					"$(inherited)",
				);
				GCC_SYMBOLS_PRIVATE_EXTERN = NO;
				GCC_WARN_64_TO_32_BIT_CONVERSION = YES;
				GCC_WARN_ABOUT_RETURN_TYPE = YES_ERROR;
				GCC_WARN_UNDECLARED_SELECTOR = YES;
				GCC_WARN_UNINITIALIZED_AUTOS = YES_AGGRESSIVE;
				GCC_WARN_UNUSED_FUNCTION = YES;
				GCC_WARN_UNUSED_VARIABLE = YES;
				IPHONEOS_DEPLOYMENT_TARGET = 8.4;
				MTL_ENABLE_DEBUG_INFO = YES;
				ONLY_ACTIVE_ARCH = YES;
				SDKROOT = iphoneos;
			};
			name = Debug;
		};
		B8EEBB881BA4591E00EC340A /* Release */ = {
			isa = XCBuildConfiguration;
			buildSettings = {
				ALWAYS_SEARCH_USER_PATHS = NO;
				CLANG_CXX_LANGUAGE_STANDARD = "gnu++0x";
				CLANG_CXX_LIBRARY = "libc++";
				CLANG_ENABLE_MODULES = YES;
				CLANG_ENABLE_OBJC_ARC = YES;
				CLANG_WARN_BOOL_CONVERSION = YES;
				CLANG_WARN_CONSTANT_CONVERSION = YES;
				CLANG_WARN_DIRECT_OBJC_ISA_USAGE = YES_ERROR;
				CLANG_WARN_EMPTY_BODY = YES;
				CLANG_WARN_ENUM_CONVERSION = YES;
				CLANG_WARN_INT_CONVERSION = YES;
				CLANG_WARN_OBJC_ROOT_CLASS = YES_ERROR;
				CLANG_WARN_UNREACHABLE_CODE = YES;
				CLANG_WARN__DUPLICATE_METHOD_MATCH = YES;
				"CODE_SIGN_IDENTITY[sdk=iphoneos*]" = "iPhone Developer";
				COPY_PHASE_STRIP = NO;
				DEBUG_INFORMATION_FORMAT = "dwarf-with-dsym";
				ENABLE_NS_ASSERTIONS = NO;
				ENABLE_STRICT_OBJC_MSGSEND = YES;
				GCC_C_LANGUAGE_STANDARD = gnu99;
				GCC_NO_COMMON_BLOCKS = YES;
				GCC_WARN_64_TO_32_BIT_CONVERSION = YES;
				GCC_WARN_ABOUT_RETURN_TYPE = YES_ERROR;
				GCC_WARN_UNDECLARED_SELECTOR = YES;
				GCC_WARN_UNINITIALIZED_AUTOS = YES_AGGRESSIVE;
				GCC_WARN_UNUSED_FUNCTION = YES;
				GCC_WARN_UNUSED_VARIABLE = YES;
				IPHONEOS_DEPLOYMENT_TARGET = 8.4;
				MTL_ENABLE_DEBUG_INFO = NO;
				SDKROOT = iphoneos;
				VALIDATE_PRODUCT = YES;
			};
			name = Release;
		};
		B8EEBB8A1BA4591E00EC340A /* Debug */ = {
			isa = XCBuildConfiguration;
			buildSettings = {
				ASSETCATALOG_COMPILER_APPICON_NAME = AppIcon;
				CODE_SIGN_IDENTITY = "iPhone Developer";
				INFOPLIST_FILE = "Cut Off Mark/Info.plist";
				IPHONEOS_DEPLOYMENT_TARGET = 8.2;
				LD_RUNPATH_SEARCH_PATHS = "$(inherited) @executable_path/Frameworks";
				PRODUCT_BUNDLE_IDENTIFIER = "com.sathish-chinniah.$(PRODUCT_NAME:rfc1034identifier)";
				PRODUCT_NAME = "$(TARGET_NAME)";
			};
			name = Debug;
		};
		B8EEBB8B1BA4591E00EC340A /* Release */ = {
			isa = XCBuildConfiguration;
			buildSettings = {
				ASSETCATALOG_COMPILER_APPICON_NAME = AppIcon;
				CODE_SIGN_IDENTITY = "iPhone Distribution";
				INFOPLIST_FILE = "Cut Off Mark/Info.plist";
				IPHONEOS_DEPLOYMENT_TARGET = 8.2;
				LD_RUNPATH_SEARCH_PATHS = "$(inherited) @executable_path/Frameworks";
				PRODUCT_BUNDLE_IDENTIFIER = "com.sathish-chinniah.$(PRODUCT_NAME:rfc1034identifier)";
				PRODUCT_NAME = "$(TARGET_NAME)";
			};
			name = Release;
		};
		B8EEBB8D1BA4591E00EC340A /* Debug */ = {
			isa = XCBuildConfiguration;
			buildSettings = {
				BUNDLE_LOADER = "$(TEST_HOST)";
				FRAMEWORK_SEARCH_PATHS = (
					"$(SDKROOT)/Developer/Library/Frameworks",
					"$(inherited)",
				);
				GCC_PREPROCESSOR_DEFINITIONS = (
					"DEBUG=1",
					"$(inherited)",
				);
				INFOPLIST_FILE = "Cut Off MarkTests/Info.plist";
				LD_RUNPATH_SEARCH_PATHS = "$(inherited) @executable_path/Frameworks @loader_path/Frameworks";
				PRODUCT_BUNDLE_IDENTIFIER = "com.sathish-chinniah.$(PRODUCT_NAME:rfc1034identifier)";
				PRODUCT_NAME = "$(TARGET_NAME)";
				TEST_HOST = "$(BUILT_PRODUCTS_DIR)/Cut Off Mark.app/Cut Off Mark";
			};
			name = Debug;
		};
		B8EEBB8E1BA4591E00EC340A /* Release */ = {
			isa = XCBuildConfiguration;
			buildSettings = {
				BUNDLE_LOADER = "$(TEST_HOST)";
				FRAMEWORK_SEARCH_PATHS = (
					"$(SDKROOT)/Developer/Library/Frameworks",
					"$(inherited)",
				);
				INFOPLIST_FILE = "Cut Off MarkTests/Info.plist";
				LD_RUNPATH_SEARCH_PATHS = "$(inherited) @executable_path/Frameworks @loader_path/Frameworks";
				PRODUCT_BUNDLE_IDENTIFIER = "com.sathish-chinniah.$(PRODUCT_NAME:rfc1034identifier)";
				PRODUCT_NAME = "$(TARGET_NAME)";
				TEST_HOST = "$(BUILT_PRODUCTS_DIR)/Cut Off Mark.app/Cut Off Mark";
			};
			name = Release;
		};
/* End XCBuildConfiguration section */

/* Begin XCConfigurationList section */
		B8EEBB611BA4591E00EC340A /* Build configuration list for PBXProject "Cut Off Mark" */ = {
			isa = XCConfigurationList;
			buildConfigurations = (
				B8EEBB871BA4591E00EC340A /* Debug */,
				B8EEBB881BA4591E00EC340A /* Release */,
			);
			defaultConfigurationIsVisible = 0;
			defaultConfigurationName = Release;
		};
		B8EEBB891BA4591E00EC340A /* Build configuration list for PBXNativeTarget "Cut Off Mark" */ = {
			isa = XCConfigurationList;
			buildConfigurations = (
				B8EEBB8A1BA4591E00EC340A /* Debug */,
				B8EEBB8B1BA4591E00EC340A /* Release */,
			);
			defaultConfigurationIsVisible = 0;
			defaultConfigurationName = Release;
		};
		B8EEBB8C1BA4591E00EC340A /* Build configuration list for PBXNativeTarget "Cut Off MarkTests" */ = {
			isa = XCConfigurationList;
			buildConfigurations = (
				B8EEBB8D1BA4591E00EC340A /* Debug */,
				B8EEBB8E1BA4591E00EC340A /* Release */,
			);
			defaultConfigurationIsVisible = 0;
			defaultConfigurationName = Release;
		};
/* End XCConfigurationList section */
	};
	rootObject = B8EEBB5E1BA4591E00EC340A /* Project object */;
}
